PODS:
  - Ads-CN-Beta (4.0.0.0):
    - Ads-CN-Beta/BUAdSDK (= 4.0.0.0)
  - Ads-CN-Beta/BUAdSDK (4.0.0.0):
    - Ads-CN-Beta/BUFoundation
    - Ads-CN-Beta/Domestic
  - Ads-CN-Beta/BUFoundation (4.0.0.0)
  - Ads-CN-Beta/Domestic (4.0.0.0)
  - AnyThinkiOS (5.7.75):
    - AnyThinkiOS/AnyThinkSDK (= 5.7.75)
  - AnyThinkiOS/AnyThinkAdmobAdapter (5.7.75):
    - AnyThinkiOS/AnyThinkSDK
    - Google-Mobile-Ads-SDK (= 8.10.0)
    - PersonalizedAdConsent
  - AnyThinkiOS/AnyThinkSDK (5.7.75)
  - AnyThinkiOS/AnyThinkTTAdapter (5.7.75):
    - Ads-CN-Beta (= 4.0.0.0)
    - AnyThinkiOS/AnyThinkSDK
  - Google-Mobile-Ads-SDK (8.10.0):
    - GoogleAppMeasurement (< 9.0, >= 7.0)
    - GoogleUserMessagingPlatform (>= 1.1)
  - GoogleAppMeasurement (8.7.0):
    - GoogleAppMeasurement/AdIdSupport (= 8.7.0)
    - GoogleUtilities/AppDelegateSwizzler (~> 7.4)
    - GoogleUtilities/MethodSwizzler (~> 7.4)
    - GoogleUtilities/Network (~> 7.4)
    - "GoogleUtilities/NSData+zlib (~> 7.4)"
    - nanopb (~> 2.30908.0)
  - GoogleAppMeasurement/AdIdSupport (8.7.0):
    - GoogleUtilities/AppDelegateSwizzler (~> 7.4)
    - GoogleUtilities/MethodSwizzler (~> 7.4)
    - GoogleUtilities/Network (~> 7.4)
    - "GoogleUtilities/NSData+zlib (~> 7.4)"
    - nanopb (~> 2.30908.0)
  - GoogleUserMessagingPlatform (2.0.0)
  - GoogleUtilities/AppDelegateSwizzler (7.5.2):
    - GoogleUtilities/Environment
    - GoogleUtilities/Logger
    - GoogleUtilities/Network
  - GoogleUtilities/Environment (7.5.2):
    - PromisesObjC (< 3.0, >= 1.2)
  - GoogleUtilities/Logger (7.5.2):
    - GoogleUtilities/Environment
  - GoogleUtilities/MethodSwizzler (7.5.2):
    - GoogleUtilities/Logger
  - GoogleUtilities/Network (7.5.2):
    - GoogleUtilities/Logger
    - "GoogleUtilities/NSData+zlib"
    - GoogleUtilities/Reachability
  - "GoogleUtilities/NSData+zlib (7.5.2)"
  - GoogleUtilities/Reachability (7.5.2):
    - GoogleUtilities/Logger
  - nanopb (2.30908.0):
    - nanopb/decode (= 2.30908.0)
    - nanopb/encode (= 2.30908.0)
  - nanopb/decode (2.30908.0)
  - nanopb/encode (2.30908.0)
  - PersonalizedAdConsent (1.0.5)
  - PromisesObjC (2.0.0)

DEPENDENCIES:
  - AnyThinkiOS (= 5.7.75)
  - AnyThinkiOS/AnyThinkAdmobAdapter (= 5.7.75)
  - AnyThinkiOS/AnyThinkTTAdapter (= 5.7.75)

SPEC REPOS:
  trunk:
    - Ads-CN-Beta
    - AnyThinkiOS
    - Google-Mobile-Ads-SDK
    - GoogleAppMeasurement
    - GoogleUserMessagingPlatform
    - GoogleUtilities
    - nanopb
    - PersonalizedAdConsent
    - PromisesObjC

SPEC CHECKSUMS:
  Ads-CN-Beta: 73094fcac3517b7ac4518ef2f7b60355490df66b
  AnyThinkiOS: bdf5f01fd6e8e0c5c689dfd21b31daa46c86b198
  Google-Mobile-Ads-SDK: 9c78323a7069cd42ddf1ad2fddbaec889b085091
  GoogleAppMeasurement: 2be61ce546ad074dbe4dd545f222ac6033bb1d9e
  GoogleUserMessagingPlatform: ab890ce5f6620f293a21b6bdd82e416a2c73aeca
  GoogleUtilities: 8de2a97a17e15b6b98e38e8770e2d129a57c0040
  nanopb: a0ba3315591a9ae0a16a309ee504766e90db0c96
  PersonalizedAdConsent: dbecabb3467df967c16d9cebc2ef4a8890e4bbd8
  PromisesObjC: 68159ce6952d93e17b2dfe273b8c40907db5ba58

PODFILE CHECKSUM: 6ed628e85fd440711f8d29acb5637dbd8e92ea0d

COCOAPODS: 1.11.2
