// !$*UTF8*$!
{
	archiveVersion = 1;
	classes = {
	};
	objectVersion = 50;
	objects = {

/* Begin PBXBuildFile section */
		8EA2BBDC99C42686D3DE1D0F /* Pods_ATTopOn.framework in Frameworks */ = {isa = PBXBuildFile; fileRef = B6867896BA2A42F0C092F439 /* Pods_ATTopOn.framework */; };
		FCE5A29D26E09D5B00B1BD0F /* ATTopOn.m in Sources */ = {isa = PBXBuildFile; fileRef = FCE5A29C26E09D5B00B1BD0F /* ATTopOn.m */; };
		FCE5A29E26E09D5B00B1BD0F /* ATTopOn.h in CopyFiles */ = {isa = PBXBuildFile; fileRef = FCE5A29B26E09D5B00B1BD0F /* ATTopOn.h */; };
/* End PBXBuildFile section */

/* Begin PBXCopyFilesBuildPhase section */
		FCE5A29626E09D5B00B1BD0F /* CopyFiles */ = {
			isa = PBXCopyFilesBuildPhase;
			buildActionMask = 2147483647;
			dstPath = "include/$(PRODUCT_NAME)";
			dstSubfolderSpec = 16;
			files = (
				FCE5A29E26E09D5B00B1BD0F /* ATTopOn.h in CopyFiles */,
			);
			runOnlyForDeploymentPostprocessing = 0;
		};
/* End PBXCopyFilesBuildPhase section */

/* Begin PBXFileReference section */
		208A8728F9DF9DFEDA610882 /* Pods-ATTopOn.debug.xcconfig */ = {isa = PBXFileReference; includeInIndex = 1; lastKnownFileType = text.xcconfig; name = "Pods-ATTopOn.debug.xcconfig"; path = "Target Support Files/Pods-ATTopOn/Pods-ATTopOn.debug.xcconfig"; sourceTree = "<group>"; };
		54C5A73CAC617BB11518A7BB /* Pods-ATTopOn.release.xcconfig */ = {isa = PBXFileReference; includeInIndex = 1; lastKnownFileType = text.xcconfig; name = "Pods-ATTopOn.release.xcconfig"; path = "Target Support Files/Pods-ATTopOn/Pods-ATTopOn.release.xcconfig"; sourceTree = "<group>"; };
		B6867896BA2A42F0C092F439 /* Pods_ATTopOn.framework */ = {isa = PBXFileReference; explicitFileType = wrapper.framework; includeInIndex = 0; path = Pods_ATTopOn.framework; sourceTree = BUILT_PRODUCTS_DIR; };
		FCE5A29826E09D5B00B1BD0F /* libATTopOn.a */ = {isa = PBXFileReference; explicitFileType = archive.ar; includeInIndex = 0; path = libATTopOn.a; sourceTree = BUILT_PRODUCTS_DIR; };
		FCE5A29B26E09D5B00B1BD0F /* ATTopOn.h */ = {isa = PBXFileReference; lastKnownFileType = sourcecode.c.h; path = ATTopOn.h; sourceTree = "<group>"; };
		FCE5A29C26E09D5B00B1BD0F /* ATTopOn.m */ = {isa = PBXFileReference; lastKnownFileType = sourcecode.c.objc; path = ATTopOn.m; sourceTree = "<group>"; };
		FCE5A2A526E09F5000B1BD0F /* UZAppDelegate.h */ = {isa = PBXFileReference; fileEncoding = 4; lastKnownFileType = sourcecode.c.h; path = UZAppDelegate.h; sourceTree = "<group>"; };
		FCE5A2A626E09F5100B1BD0F /* UZAppUtils.h */ = {isa = PBXFileReference; fileEncoding = 4; lastKnownFileType = sourcecode.c.h; path = UZAppUtils.h; sourceTree = "<group>"; };
		FCE5A2A726E09F5100B1BD0F /* NSDictionaryUtils.h */ = {isa = PBXFileReference; fileEncoding = 4; lastKnownFileType = sourcecode.c.h; path = NSDictionaryUtils.h; sourceTree = "<group>"; };
		FCE5A2A826E09F5100B1BD0F /* UZURLTask.h */ = {isa = PBXFileReference; fileEncoding = 4; lastKnownFileType = sourcecode.c.h; path = UZURLTask.h; sourceTree = "<group>"; };
		FCE5A2A926E09F5200B1BD0F /* UIViewControllerExtension.h */ = {isa = PBXFileReference; fileEncoding = 4; lastKnownFileType = sourcecode.c.h; path = UIViewControllerExtension.h; sourceTree = "<group>"; };
		FCE5A2AA26E09F5200B1BD0F /* UZModule.h */ = {isa = PBXFileReference; fileEncoding = 4; lastKnownFileType = sourcecode.c.h; path = UZModule.h; sourceTree = "<group>"; };
/* End PBXFileReference section */

/* Begin PBXFrameworksBuildPhase section */
		FCE5A29526E09D5B00B1BD0F /* Frameworks */ = {
			isa = PBXFrameworksBuildPhase;
			buildActionMask = 2147483647;
			files = (
				8EA2BBDC99C42686D3DE1D0F /* Pods_ATTopOn.framework in Frameworks */,
			);
			runOnlyForDeploymentPostprocessing = 0;
		};
/* End PBXFrameworksBuildPhase section */

/* Begin PBXGroup section */
		491488924E139F09CDB8795A /* Frameworks */ = {
			isa = PBXGroup;
			children = (
				B6867896BA2A42F0C092F439 /* Pods_ATTopOn.framework */,
			);
			name = Frameworks;
			sourceTree = "<group>";
		};
		6F98627D8C3C1F6FFEC46A00 /* Pods */ = {
			isa = PBXGroup;
			children = (
				208A8728F9DF9DFEDA610882 /* Pods-ATTopOn.debug.xcconfig */,
				54C5A73CAC617BB11518A7BB /* Pods-ATTopOn.release.xcconfig */,
			);
			path = Pods;
			sourceTree = "<group>";
		};
		FCE5A28F26E09D5B00B1BD0F = {
			isa = PBXGroup;
			children = (
				FCE5A29A26E09D5B00B1BD0F /* ATTopOn */,
				FCE5A29926E09D5B00B1BD0F /* Products */,
				6F98627D8C3C1F6FFEC46A00 /* Pods */,
				491488924E139F09CDB8795A /* Frameworks */,
			);
			sourceTree = "<group>";
		};
		FCE5A29926E09D5B00B1BD0F /* Products */ = {
			isa = PBXGroup;
			children = (
				FCE5A29826E09D5B00B1BD0F /* libATTopOn.a */,
			);
			name = Products;
			sourceTree = "<group>";
		};
		FCE5A29A26E09D5B00B1BD0F /* ATTopOn */ = {
			isa = PBXGroup;
			children = (
				FCE5A2A426E09F3700B1BD0F /* apicloud */,
				FCE5A29B26E09D5B00B1BD0F /* ATTopOn.h */,
				FCE5A29C26E09D5B00B1BD0F /* ATTopOn.m */,
			);
			path = ATTopOn;
			sourceTree = "<group>";
		};
		FCE5A2A426E09F3700B1BD0F /* apicloud */ = {
			isa = PBXGroup;
			children = (
				FCE5A2A726E09F5100B1BD0F /* NSDictionaryUtils.h */,
				FCE5A2A926E09F5200B1BD0F /* UIViewControllerExtension.h */,
				FCE5A2A526E09F5000B1BD0F /* UZAppDelegate.h */,
				FCE5A2A626E09F5100B1BD0F /* UZAppUtils.h */,
				FCE5A2AA26E09F5200B1BD0F /* UZModule.h */,
				FCE5A2A826E09F5100B1BD0F /* UZURLTask.h */,
			);
			path = apicloud;
			sourceTree = "<group>";
		};
/* End PBXGroup section */

/* Begin PBXNativeTarget section */
		FCE5A29726E09D5B00B1BD0F /* ATTopOn */ = {
			isa = PBXNativeTarget;
			buildConfigurationList = FCE5A2A126E09D5B00B1BD0F /* Build configuration list for PBXNativeTarget "ATTopOn" */;
			buildPhases = (
				494016040CA83941557AA9CD /* [CP] Check Pods Manifest.lock */,
				FCE5A29426E09D5B00B1BD0F /* Sources */,
				FCE5A29526E09D5B00B1BD0F /* Frameworks */,
				FCE5A29626E09D5B00B1BD0F /* CopyFiles */,
			);
			buildRules = (
			);
			dependencies = (
			);
			name = ATTopOn;
			productName = ATTopOn;
			productReference = FCE5A29826E09D5B00B1BD0F /* libATTopOn.a */;
			productType = "com.apple.product-type.library.static";
		};
/* End PBXNativeTarget section */

/* Begin PBXProject section */
		FCE5A29026E09D5B00B1BD0F /* Project object */ = {
			isa = PBXProject;
			attributes = {
				LastUpgradeCheck = 1250;
				TargetAttributes = {
					FCE5A29726E09D5B00B1BD0F = {
						CreatedOnToolsVersion = 12.5.1;
					};
				};
			};
			buildConfigurationList = FCE5A29326E09D5B00B1BD0F /* Build configuration list for PBXProject "ATTopOn" */;
			compatibilityVersion = "Xcode 9.3";
			developmentRegion = en;
			hasScannedForEncodings = 0;
			knownRegions = (
				en,
				Base,
			);
			mainGroup = FCE5A28F26E09D5B00B1BD0F;
			productRefGroup = FCE5A29926E09D5B00B1BD0F /* Products */;
			projectDirPath = "";
			projectRoot = "";
			targets = (
				FCE5A29726E09D5B00B1BD0F /* ATTopOn */,
			);
		};
/* End PBXProject section */

/* Begin PBXShellScriptBuildPhase section */
		494016040CA83941557AA9CD /* [CP] Check Pods Manifest.lock */ = {
			isa = PBXShellScriptBuildPhase;
			buildActionMask = 2147483647;
			files = (
			);
			inputFileListPaths = (
			);
			inputPaths = (
				"${PODS_PODFILE_DIR_PATH}/Podfile.lock",
				"${PODS_ROOT}/Manifest.lock",
			);
			name = "[CP] Check Pods Manifest.lock";
			outputFileListPaths = (
			);
			outputPaths = (
				"$(DERIVED_FILE_DIR)/Pods-ATTopOn-checkManifestLockResult.txt",
			);
			runOnlyForDeploymentPostprocessing = 0;
			shellPath = /bin/sh;
			shellScript = "diff \"${PODS_PODFILE_DIR_PATH}/Podfile.lock\" \"${PODS_ROOT}/Manifest.lock\" > /dev/null\nif [ $? != 0 ] ; then\n    # print error to STDERR\n    echo \"error: The sandbox is not in sync with the Podfile.lock. Run 'pod install' or update your CocoaPods installation.\" >&2\n    exit 1\nfi\n# This output is used by Xcode 'outputs' to avoid re-running this script phase.\necho \"SUCCESS\" > \"${SCRIPT_OUTPUT_FILE_0}\"\n";
			showEnvVarsInLog = 0;
		};
/* End PBXShellScriptBuildPhase section */

/* Begin PBXSourcesBuildPhase section */
		FCE5A29426E09D5B00B1BD0F /* Sources */ = {
			isa = PBXSourcesBuildPhase;
			buildActionMask = 2147483647;
			files = (
				FCE5A29D26E09D5B00B1BD0F /* ATTopOn.m in Sources */,
			);
			runOnlyForDeploymentPostprocessing = 0;
		};
/* End PBXSourcesBuildPhase section */

/* Begin XCBuildConfiguration section */
		FCE5A29F26E09D5B00B1BD0F /* Debug */ = {
			isa = XCBuildConfiguration;
			buildSettings = {
				ALWAYS_SEARCH_USER_PATHS = NO;
				CLANG_ANALYZER_NONNULL = YES;
				CLANG_ANALYZER_NUMBER_OBJECT_CONVERSION = YES_AGGRESSIVE;
				CLANG_CXX_LANGUAGE_STANDARD = "gnu++14";
				CLANG_CXX_LIBRARY = "libc++";
				CLANG_ENABLE_MODULES = YES;
				CLANG_ENABLE_OBJC_ARC = YES;
				CLANG_ENABLE_OBJC_WEAK = YES;
				CLANG_WARN_BLOCK_CAPTURE_AUTORELEASING = YES;
				CLANG_WARN_BOOL_CONVERSION = YES;
				CLANG_WARN_COMMA = YES;
				CLANG_WARN_CONSTANT_CONVERSION = YES;
				CLANG_WARN_DEPRECATED_OBJC_IMPLEMENTATIONS = YES;
				CLANG_WARN_DIRECT_OBJC_ISA_USAGE = YES_ERROR;
				CLANG_WARN_DOCUMENTATION_COMMENTS = YES;
				CLANG_WARN_EMPTY_BODY = YES;
				CLANG_WARN_ENUM_CONVERSION = YES;
				CLANG_WARN_INFINITE_RECURSION = YES;
				CLANG_WARN_INT_CONVERSION = YES;
				CLANG_WARN_NON_LITERAL_NULL_CONVERSION = YES;
				CLANG_WARN_OBJC_IMPLICIT_RETAIN_SELF = YES;
				CLANG_WARN_OBJC_LITERAL_CONVERSION = YES;
				CLANG_WARN_OBJC_ROOT_CLASS = YES_ERROR;
				CLANG_WARN_QUOTED_INCLUDE_IN_FRAMEWORK_HEADER = YES;
				CLANG_WARN_RANGE_LOOP_ANALYSIS = YES;
				CLANG_WARN_STRICT_PROTOTYPES = YES;
				CLANG_WARN_SUSPICIOUS_MOVE = YES;
				CLANG_WARN_UNGUARDED_AVAILABILITY = YES_AGGRESSIVE;
				CLANG_WARN_UNREACHABLE_CODE = YES;
				CLANG_WARN__DUPLICATE_METHOD_MATCH = YES;
				COPY_PHASE_STRIP = NO;
				DEBUG_INFORMATION_FORMAT = dwarf;
				ENABLE_STRICT_OBJC_MSGSEND = YES;
				ENABLE_TESTABILITY = YES;
				GCC_C_LANGUAGE_STANDARD = gnu11;
				GCC_DYNAMIC_NO_PIC = NO;
				GCC_NO_COMMON_BLOCKS = YES;
				GCC_OPTIMIZATION_LEVEL = 0;
				GCC_PREPROCESSOR_DEFINITIONS = (
					"DEBUG=1",
					"$(inherited)",
				);
				GCC_WARN_64_TO_32_BIT_CONVERSION = YES;
				GCC_WARN_ABOUT_RETURN_TYPE = YES_ERROR;
				GCC_WARN_UNDECLARED_SELECTOR = YES;
				GCC_WARN_UNINITIALIZED_AUTOS = YES_AGGRESSIVE;
				GCC_WARN_UNUSED_FUNCTION = YES;
				GCC_WARN_UNUSED_VARIABLE = YES;
				IPHONEOS_DEPLOYMENT_TARGET = 11.0;
				MTL_ENABLE_DEBUG_INFO = INCLUDE_SOURCE;
				MTL_FAST_MATH = YES;
				ONLY_ACTIVE_ARCH = NO;
				SDKROOT = iphoneos;
			};
			name = Debug;
		};
		FCE5A2A026E09D5B00B1BD0F /* Release */ = {
			isa = XCBuildConfiguration;
			buildSettings = {
				ALWAYS_SEARCH_USER_PATHS = NO;
				CLANG_ANALYZER_NONNULL = YES;
				CLANG_ANALYZER_NUMBER_OBJECT_CONVERSION = YES_AGGRESSIVE;
				CLANG_CXX_LANGUAGE_STANDARD = "gnu++14";
				CLANG_CXX_LIBRARY = "libc++";
				CLANG_ENABLE_MODULES = YES;
				CLANG_ENABLE_OBJC_ARC = YES;
				CLANG_ENABLE_OBJC_WEAK = YES;
				CLANG_WARN_BLOCK_CAPTURE_AUTORELEASING = YES;
				CLANG_WARN_BOOL_CONVERSION = YES;
				CLANG_WARN_COMMA = YES;
				CLANG_WARN_CONSTANT_CONVERSION = YES;
				CLANG_WARN_DEPRECATED_OBJC_IMPLEMENTATIONS = YES;
				CLANG_WARN_DIRECT_OBJC_ISA_USAGE = YES_ERROR;
				CLANG_WARN_DOCUMENTATION_COMMENTS = YES;
				CLANG_WARN_EMPTY_BODY = YES;
				CLANG_WARN_ENUM_CONVERSION = YES;
				CLANG_WARN_INFINITE_RECURSION = YES;
				CLANG_WARN_INT_CONVERSION = YES;
				CLANG_WARN_NON_LITERAL_NULL_CONVERSION = YES;
				CLANG_WARN_OBJC_IMPLICIT_RETAIN_SELF = YES;
				CLANG_WARN_OBJC_LITERAL_CONVERSION = YES;
				CLANG_WARN_OBJC_ROOT_CLASS = YES_ERROR;
				CLANG_WARN_QUOTED_INCLUDE_IN_FRAMEWORK_HEADER = YES;
				CLANG_WARN_RANGE_LOOP_ANALYSIS = YES;
				CLANG_WARN_STRICT_PROTOTYPES = YES;
				CLANG_WARN_SUSPICIOUS_MOVE = YES;
				CLANG_WARN_UNGUARDED_AVAILABILITY = YES_AGGRESSIVE;
				CLANG_WARN_UNREACHABLE_CODE = YES;
				CLANG_WARN__DUPLICATE_METHOD_MATCH = YES;
				COPY_PHASE_STRIP = NO;
				DEBUG_INFORMATION_FORMAT = "dwarf-with-dsym";
				ENABLE_NS_ASSERTIONS = NO;
				ENABLE_STRICT_OBJC_MSGSEND = YES;
				GCC_C_LANGUAGE_STANDARD = gnu11;
				GCC_NO_COMMON_BLOCKS = YES;
				GCC_WARN_64_TO_32_BIT_CONVERSION = YES;
				GCC_WARN_ABOUT_RETURN_TYPE = YES_ERROR;
				GCC_WARN_UNDECLARED_SELECTOR = YES;
				GCC_WARN_UNINITIALIZED_AUTOS = YES_AGGRESSIVE;
				GCC_WARN_UNUSED_FUNCTION = YES;
				GCC_WARN_UNUSED_VARIABLE = YES;
				IPHONEOS_DEPLOYMENT_TARGET = 11.0;
				MTL_ENABLE_DEBUG_INFO = NO;
				MTL_FAST_MATH = YES;
				SDKROOT = iphoneos;
				VALIDATE_PRODUCT = YES;
			};
			name = Release;
		};
		FCE5A2A226E09D5B00B1BD0F /* Debug */ = {
			isa = XCBuildConfiguration;
			baseConfigurationReference = 208A8728F9DF9DFEDA610882 /* Pods-ATTopOn.debug.xcconfig */;
			buildSettings = {
				CODE_SIGN_STYLE = Automatic;
				OTHER_LDFLAGS = "-ObjC";
				PRODUCT_NAME = "$(TARGET_NAME)";
				SKIP_INSTALL = YES;
				TARGETED_DEVICE_FAMILY = "1,2";
			};
			name = Debug;
		};
		FCE5A2A326E09D5B00B1BD0F /* Release */ = {
			isa = XCBuildConfiguration;
			baseConfigurationReference = 54C5A73CAC617BB11518A7BB /* Pods-ATTopOn.release.xcconfig */;
			buildSettings = {
				CODE_SIGN_STYLE = Automatic;
				OTHER_LDFLAGS = "-ObjC";
				PRODUCT_NAME = "$(TARGET_NAME)";
				SKIP_INSTALL = YES;
				TARGETED_DEVICE_FAMILY = "1,2";
			};
			name = Release;
		};
/* End XCBuildConfiguration section */

/* Begin XCConfigurationList section */
		FCE5A29326E09D5B00B1BD0F /* Build configuration list for PBXProject "ATTopOn" */ = {
			isa = XCConfigurationList;
			buildConfigurations = (
				FCE5A29F26E09D5B00B1BD0F /* Debug */,
				FCE5A2A026E09D5B00B1BD0F /* Release */,
			);
			defaultConfigurationIsVisible = 0;
			defaultConfigurationName = Release;
		};
		FCE5A2A126E09D5B00B1BD0F /* Build configuration list for PBXNativeTarget "ATTopOn" */ = {
			isa = XCConfigurationList;
			buildConfigurations = (
				FCE5A2A226E09D5B00B1BD0F /* Debug */,
				FCE5A2A326E09D5B00B1BD0F /* Release */,
			);
			defaultConfigurationIsVisible = 0;
			defaultConfigurationName = Release;
		};
/* End XCConfigurationList section */
	};
	rootObject = FCE5A29026E09D5B00B1BD0F /* Project object */;
}
